
Microsoft Visual Studio Solution File, Format Version 12.00
# Visual Studio Version 17
VisualStudioVersion = 17.9.34728.123
MinimumVisualStudioVersion = 10.0.40219.1
Project("{FAE04EC0-301F-11D3-BF4B-00C04F79EFBC}") = "NomadLife.Web", "NomadLife.Web\NomadLife.Web.csproj", "{C633F298-6281-49F8-8458-AAC57CE7E73F}"
EndProject
Project("{FAE04EC0-301F-11D3-BF4B-00C04F79EFBC}") = "NomadLife.Mobile", "NomadLife.Mobile\NomadLife.Mobile.csproj", "{2D6F3EDC-CC7B-4B08-AF36-BADAA089BEC7}"
EndProject
Project("{FAE04EC0-301F-11D3-BF4B-00C04F79EFBC}") = "NomadLife.Shared", "NomadLife.Shared\NomadLife.Shared.csproj", "{5C4CCDF2-68CC-4B8C-8E77-2F1A0408A430}"
EndProject
Project("{FAE04EC0-301F-11D3-BF4B-00C04F79EFBC}") = "NomadLife.Shared.Components", "NomadLife.Shared.Components\NomadLife.Shared.Components.csproj", "{B12020C7-BC3C-4E53-AAE7-5572BEAC5EDA}"
EndProject
Global
	GlobalSection(SolutionConfigurationPlatforms) = preSolution
		Debug|Any CPU = Debug|Any CPU
		Release|Any CPU = Release|Any CPU
	EndGlobalSection
	GlobalSection(ProjectConfigurationPlatforms) = postSolution
		{C633F298-6281-49F8-8458-AAC57CE7E73F}.Debug|Any CPU.ActiveCfg = Debug|Any CPU
		{C633F298-6281-49F8-8458-AAC57CE7E73F}.Debug|Any CPU.Build.0 = Debug|Any CPU
		{C633F298-6281-49F8-8458-AAC57CE7E73F}.Release|Any CPU.ActiveCfg = Release|Any CPU
		{C633F298-6281-49F8-8458-AAC57CE7E73F}.Release|Any CPU.Build.0 = Release|Any CPU
		{2D6F3EDC-CC7B-4B08-AF36-BADAA089BEC7}.Debug|Any CPU.ActiveCfg = Debug|Any CPU
		{2D6F3EDC-CC7B-4B08-AF36-BADAA089BEC7}.Debug|Any CPU.Build.0 = Debug|Any CPU
		{2D6F3EDC-CC7B-4B08-AF36-BADAA089BEC7}.Debug|Any CPU.Deploy.0 = Debug|Any CPU
		{2D6F3EDC-CC7B-4B08-AF36-BADAA089BEC7}.Release|Any CPU.ActiveCfg = Release|Any CPU
		{2D6F3EDC-CC7B-4B08-AF36-BADAA089BEC7}.Release|Any CPU.Build.0 = Release|Any CPU
		{2D6F3EDC-CC7B-4B08-AF36-BADAA089BEC7}.Release|Any CPU.Deploy.0 = Release|Any CPU
		{5C4CCDF2-68CC-4B8C-8E77-2F1A0408A430}.Debug|Any CPU.ActiveCfg = Debug|Any CPU
		{5C4CCDF2-68CC-4B8C-8E77-2F1A0408A430}.Debug|Any CPU.Build.0 = Debug|Any CPU
		{5C4CCDF2-68CC-4B8C-8E77-2F1A0408A430}.Release|Any CPU.ActiveCfg = Release|Any CPU
		{5C4CCDF2-68CC-4B8C-8E77-2F1A0408A430}.Release|Any CPU.Build.0 = Release|Any CPU
		{B12020C7-BC3C-4E53-AAE7-5572BEAC5EDA}.Debug|Any CPU.ActiveCfg = Debug|Any CPU
		{B12020C7-BC3C-4E53-AAE7-5572BEAC5EDA}.Debug|Any CPU.Build.0 = Debug|Any CPU
		{B12020C7-BC3C-4E53-AAE7-5572BEAC5EDA}.Release|Any CPU.ActiveCfg = Release|Any CPU
		{B12020C7-BC3C-4E53-AAE7-5572BEAC5EDA}.Release|Any CPU.Build.0 = Release|Any CPU
	EndGlobalSection
	GlobalSection(SolutionProperties) = preSolution
		HideSolutionNode = FALSE
	EndGlobalSection
	GlobalSection(ExtensibilityGlobals) = postSolution
		SolutionGuid = {68F0A735-7B37-43DF-8F13-79EB1D3CBBE2}
	EndGlobalSection
EndGlobal
